
Microsoft Visual Studio Solution File, Format Version 12.00
# Visual Studio Version 16
VisualStudioVersion = 16.0.31624.102
MinimumVisualStudioVersion = 10.0.40219.1
Project("{8BC9CEB8-8B4A-11D0-8D11-00A0C91BC942}") = "Лаба 9", "Лаба 9\Лаба 9.vcxproj", "{9FE571E9-6FB5-4707-B2D9-339439D18301}"
EndProject
Project("{8BC9CEB8-8B4A-11D0-8D11-00A0C91BC942}") = "Лаба 9.2", "Лаба 9.2\Лаба 9.2.vcxproj", "{8468B252-6C81-4DA2-A055-3C60CDE76B17}"
EndProject
Global
	GlobalSection(SolutionConfigurationPlatforms) = preSolution
		Debug|x64 = Debug|x64
		Debug|x86 = Debug|x86
		Release|x64 = Release|x64
		Release|x86 = Release|x86
	EndGlobalSection
	GlobalSection(ProjectConfigurationPlatforms) = postSolution
		{9FE571E9-6FB5-4707-B2D9-339439D18301}.Debug|x64.ActiveCfg = Debug|x64
		{9FE571E9-6FB5-4707-B2D9-339439D18301}.Debug|x64.Build.0 = Debug|x64
		{9FE571E9-6FB5-4707-B2D9-339439D18301}.Debug|x86.ActiveCfg = Debug|Win32
		{9FE571E9-6FB5-4707-B2D9-339439D18301}.Debug|x86.Build.0 = Debug|Win32
		{9FE571E9-6FB5-4707-B2D9-339439D18301}.Release|x64.ActiveCfg = Release|x64
		{9FE571E9-6FB5-4707-B2D9-339439D18301}.Release|x64.Build.0 = Release|x64
		{9FE571E9-6FB5-4707-B2D9-339439D18301}.Release|x86.ActiveCfg = Release|Win32
		{9FE571E9-6FB5-4707-B2D9-339439D18301}.Release|x86.Build.0 = Release|Win32
		{8468B252-6C81-4DA2-A055-3C60CDE76B17}.Debug|x64.ActiveCfg = Debug|x64
		{8468B252-6C81-4DA2-A055-3C60CDE76B17}.Debug|x64.Build.0 = Debug|x64
		{8468B252-6C81-4DA2-A055-3C60CDE76B17}.Debug|x86.ActiveCfg = Debug|Win32
		{8468B252-6C81-4DA2-A055-3C60CDE76B17}.Debug|x86.Build.0 = Debug|Win32
		{8468B252-6C81-4DA2-A055-3C60CDE76B17}.Release|x64.ActiveCfg = Release|x64
		{8468B252-6C81-4DA2-A055-3C60CDE76B17}.Release|x64.Build.0 = Release|x64
		{8468B252-6C81-4DA2-A055-3C60CDE76B17}.Release|x86.ActiveCfg = Release|Win32
		{8468B252-6C81-4DA2-A055-3C60CDE76B17}.Release|x86.Build.0 = Release|Win32
	EndGlobalSection
	GlobalSection(SolutionProperties) = preSolution
		HideSolutionNode = FALSE
	EndGlobalSection
	GlobalSection(ExtensibilityGlobals) = postSolution
		SolutionGuid = {4FDCADA7-5B88-4F66-B35B-A7FB47D9D0EC}
	EndGlobalSection
EndGlobal
